{
  "version": 4,
  "terraform_version": "1.7.2",
  "serial": 6,
  "lineage": "78b6aaf7-893c-85b7-a393-fb93e228232e",
  "outputs": {},
  "resources": [
    {
      "mode": "managed",
      "type": "azurerm_app_service_source_control",
      "name": "github",
      "provider": "provider[\"registry.terraform.io/hashicorp/azurerm\"]",
      "instances": [
        {
          "schema_version": 0,
          "attributes": {
            "app_id": "/subscriptions/0048214e-5563-4ef2-bcfb-4c4dfb97c292/resourceGroups/contact_book_rg-21680/providers/Microsoft.Web/sites/contactBookWebApp-21680",
            "branch": "master",
            "github_action_configuration": [],
            "id": "/subscriptions/0048214e-5563-4ef2-bcfb-4c4dfb97c292/resourceGroups/contact_book_rg-21680/providers/Microsoft.Web/sites/contactBookWebApp-21680",
            "repo_url": "https://github.com/nakov/ContactBook",
            "rollback_enabled": false,
            "scm_type": "ExternalGit",
            "timeouts": null,
            "use_local_git": false,
            "use_manual_integration": true,
            "use_mercurial": false,
            "uses_github_action": false
          },
          "sensitive_attributes": [],
          "private": "eyJlMmJmYjczMC1lY2FhLTExZTYtOGY4OC0zNDM2M2JjN2M0YzAiOnsiY3JlYXRlIjoxODAwMDAwMDAwMDAwLCJkZWxldGUiOjE4MDAwMDAwMDAwMDAsInJlYWQiOjMwMDAwMDAwMDAwMH19",
          "dependencies": [
            "azurerm_linux_web_app.alwp",
            "azurerm_resource_group.cbrg",
            "azurerm_service_plan.asp",
            "random_integer.ri"
          ]
        }
      ]
    },
    {
      "mode": "managed",
      "type": "azurerm_linux_web_app",
      "name": "alwp",
      "provider": "provider[\"registry.terraform.io/hashicorp/azurerm\"]",
      "instances": [
        {
          "schema_version": 1,
          "attributes": {
            "app_settings": null,
            "auth_settings": [],
            "auth_settings_v2": [],
            "backup": [],
            "client_affinity_enabled": false,
            "client_certificate_enabled": false,
            "client_certificate_exclusion_paths": "",
            "client_certificate_mode": "Required",
            "connection_string": [],
            "custom_domain_verification_id": "D0FAF8EC74B804BCCB5408724285773C10348AF46BEA4FF960CDCE71BA4E5085",
            "default_hostname": "contactbookwebapp-21680.azurewebsites.net",
            "enabled": true,
            "ftp_publish_basic_authentication_enabled": true,
            "hosting_environment_id": "",
            "https_only": false,
            "id": "/subscriptions/0048214e-5563-4ef2-bcfb-4c4dfb97c292/resourceGroups/contact_book_rg-21680/providers/Microsoft.Web/sites/contactBookWebApp-21680",
            "identity": [],
            "key_vault_reference_identity_id": "SystemAssigned",
            "kind": "app,linux",
            "location": "westeurope",
            "logs": [],
            "name": "contactBookWebApp-21680",
            "outbound_ip_address_list": [
              "20.238.219.192",
              "20.238.220.45",
              "20.238.220.46",
              "20.238.220.89",
              "20.238.220.107",
              "20.238.220.129",
              "20.31.147.21",
              "20.31.147.191",
              "20.31.147.214",
              "20.31.149.159",
              "20.31.150.135",
              "20.238.217.29",
              "20.105.216.36"
            ],
            "outbound_ip_addresses": "20.238.219.192,20.238.220.45,20.238.220.46,20.238.220.89,20.238.220.107,20.238.220.129,20.31.147.21,20.31.147.191,20.31.147.214,20.31.149.159,20.31.150.135,20.238.217.29,20.105.216.36",
            "possible_outbound_ip_address_list": [
              "20.238.219.192",
              "20.238.220.45",
              "20.238.220.46",
              "20.238.220.89",
              "20.238.220.107",
              "20.238.220.129",
              "20.31.147.21",
              "20.31.147.191",
              "20.31.147.214",
              "20.31.149.159",
              "20.31.150.135",
              "20.238.217.29",
              "20.31.146.187",
              "20.238.218.73",
              "20.238.218.116",
              "20.238.218.177",
              "20.238.219.3",
              "20.238.219.11",
              "20.31.145.61",
              "20.238.219.28",
              "20.238.219.42",
              "20.238.219.88",
              "20.238.219.111",
              "20.238.219.155",
              "20.238.219.192",
              "20.238.220.45",
              "20.238.220.46",
              "20.238.220.89",
              "20.238.220.107",
              "20.238.220.129",
              "20.238.221.17",
              "20.238.221.52",
              "20.238.221.103",
              "20.103.128.18",
              "20.238.221.158",
              "20.238.221.206",
              "20.105.216.36"
            ],
            "possible_outbound_ip_addresses": "20.238.219.192,20.238.220.45,20.238.220.46,20.238.220.89,20.238.220.107,20.238.220.129,20.31.147.21,20.31.147.191,20.31.147.214,20.31.149.159,20.31.150.135,20.238.217.29,20.31.146.187,20.238.218.73,20.238.218.116,20.238.218.177,20.238.219.3,20.238.219.11,20.31.145.61,20.238.219.28,20.238.219.42,20.238.219.88,20.238.219.111,20.238.219.155,20.238.219.192,20.238.220.45,20.238.220.46,20.238.220.89,20.238.220.107,20.238.220.129,20.238.221.17,20.238.221.52,20.238.221.103,20.103.128.18,20.238.221.158,20.238.221.206,20.105.216.36",
            "public_network_access_enabled": true,
            "resource_group_name": "contact_book_rg-21680",
            "service_plan_id": "/subscriptions/0048214e-5563-4ef2-bcfb-4c4dfb97c292/resourceGroups/contact_book_rg-21680/providers/Microsoft.Web/serverFarms/contact-book-service-plan21680",
            "site_config": [
              {
                "always_on": false,
                "api_definition_url": "",
                "api_management_api_id": "",
                "app_command_line": "",
                "application_stack": [
                  {
                    "docker_image": "",
                    "docker_image_name": "",
                    "docker_image_tag": "",
                    "docker_registry_password": "",
                    "docker_registry_url": "",
                    "docker_registry_username": "",
                    "dotnet_version": "",
                    "go_version": "",
                    "java_server": "",
                    "java_server_version": "",
                    "java_version": "",
                    "node_version": "16-lts",
                    "php_version": "",
                    "python_version": "",
                    "ruby_version": ""
                  }
                ],
                "auto_heal_enabled": false,
                "auto_heal_setting": [],
                "container_registry_managed_identity_client_id": "",
                "container_registry_use_managed_identity": false,
                "cors": [],
                "default_documents": [
                  "Default.htm",
                  "Default.html",
                  "Default.asp",
                  "index.htm",
                  "index.html",
                  "iisstart.htm",
                  "default.aspx",
                  "index.php",
                  "hostingstart.html"
                ],
                "detailed_error_logging_enabled": false,
                "ftps_state": "Disabled",
                "health_check_eviction_time_in_min": 0,
                "health_check_path": "",
                "http2_enabled": false,
                "ip_restriction": [],
                "linux_fx_version": "NODE|16-lts",
                "load_balancing_mode": "LeastRequests",
                "local_mysql_enabled": false,
                "managed_pipeline_mode": "Integrated",
                "minimum_tls_version": "1.2",
                "remote_debugging_enabled": false,
                "remote_debugging_version": "VS2019",
                "scm_ip_restriction": [],
                "scm_minimum_tls_version": "1.2",
                "scm_type": "None",
                "scm_use_main_ip_restriction": false,
                "use_32_bit_worker": true,
                "vnet_route_all_enabled": false,
                "websockets_enabled": false,
                "worker_count": 1
              }
            ],
            "site_credential": [
              {
                "name": "$contactBookWebApp-21680",
                "password": "Ev3RpgtLKNlM5hLpcbvYJ9BL0nJqHCTt3LgZwoFqn3uiuKYjqcFKhmapcq5n"
              }
            ],
            "sticky_settings": [],
            "storage_account": [],
            "tags": null,
            "timeouts": null,
            "virtual_network_subnet_id": "",
            "webdeploy_publish_basic_authentication_enabled": true,
            "zip_deploy_file": ""
          },
          "sensitive_attributes": [],
          "private": "eyJlMmJmYjczMC1lY2FhLTExZTYtOGY4OC0zNDM2M2JjN2M0YzAiOnsiY3JlYXRlIjoxODAwMDAwMDAwMDAwLCJkZWxldGUiOjE4MDAwMDAwMDAwMDAsInJlYWQiOjMwMDAwMDAwMDAwMCwidXBkYXRlIjoxODAwMDAwMDAwMDAwfSwic2NoZW1hX3ZlcnNpb24iOiIxIn0=",
          "dependencies": [
            "azurerm_resource_group.cbrg",
            "azurerm_service_plan.asp",
            "random_integer.ri"
          ]
        }
      ]
    },
    {
      "mode": "managed",
      "type": "azurerm_resource_group",
      "name": "cbrg",
      "provider": "provider[\"registry.terraform.io/hashicorp/azurerm\"]",
      "instances": [
        {
          "schema_version": 0,
          "attributes": {
            "id": "/subscriptions/0048214e-5563-4ef2-bcfb-4c4dfb97c292/resourceGroups/contact_book_rg-21680",
            "location": "westeurope",
            "managed_by": "",
            "name": "contact_book_rg-21680",
            "tags": null,
            "timeouts": null
          },
          "sensitive_attributes": [],
          "private": "eyJlMmJmYjczMC1lY2FhLTExZTYtOGY4OC0zNDM2M2JjN2M0YzAiOnsiY3JlYXRlIjo1NDAwMDAwMDAwMDAwLCJkZWxldGUiOjU0MDAwMDAwMDAwMDAsInJlYWQiOjMwMDAwMDAwMDAwMCwidXBkYXRlIjo1NDAwMDAwMDAwMDAwfX0=",
          "dependencies": [
            "random_integer.ri"
          ]
        }
      ]
    },
    {
      "mode": "managed",
      "type": "azurerm_service_plan",
      "name": "asp",
      "provider": "provider[\"registry.terraform.io/hashicorp/azurerm\"]",
      "instances": [
        {
          "schema_version": 1,
          "attributes": {
            "app_service_environment_id": "",
            "id": "/subscriptions/0048214e-5563-4ef2-bcfb-4c4dfb97c292/resourceGroups/contact_book_rg-21680/providers/Microsoft.Web/serverFarms/contact-book-service-plan21680",
            "kind": "linux",
            "location": "westeurope",
            "maximum_elastic_worker_count": 1,
            "name": "contact-book-service-plan21680",
            "os_type": "Linux",
            "per_site_scaling_enabled": false,
            "reserved": true,
            "resource_group_name": "contact_book_rg-21680",
            "sku_name": "F1",
            "tags": null,
            "timeouts": null,
            "worker_count": 1,
            "zone_balancing_enabled": false
          },
          "sensitive_attributes": [],
          "private": "eyJlMmJmYjczMC1lY2FhLTExZTYtOGY4OC0zNDM2M2JjN2M0YzAiOnsiY3JlYXRlIjozNjAwMDAwMDAwMDAwLCJkZWxldGUiOjM2MDAwMDAwMDAwMDAsInJlYWQiOjMwMDAwMDAwMDAwMCwidXBkYXRlIjozNjAwMDAwMDAwMDAwfSwic2NoZW1hX3ZlcnNpb24iOiIxIn0=",
          "dependencies": [
            "azurerm_resource_group.cbrg",
            "random_integer.ri"
          ]
        }
      ]
    },
    {
      "mode": "managed",
      "type": "random_integer",
      "name": "ri",
      "provider": "provider[\"registry.terraform.io/hashicorp/random\"]",
      "instances": [
        {
          "schema_version": 0,
          "attributes": {
            "id": "21680",
            "keepers": null,
            "max": 99999,
            "min": 10000,
            "result": 21680,
            "seed": null
          },
          "sensitive_attributes": []
        }
      ]
    }
  ],
  "check_results": null
}
